
Microsoft Visual Studio Solution File, Format Version 12.00
# Visual Studio Version 17
VisualStudioVersion = 17.11.35312.102
MinimumVisualStudioVersion = 10.0.40219.1
Project("{2150E333-8FDC-42A3-9474-1A3956D46DE8}") = "Task0", "Task0", "{C50C5089-25BC-466C-B45F-B9CDC4973148}"
EndProject
Project("{9A19103F-16F7-4668-BE54-9A1E7A4F7556}") = "Tyuiu.KenihAN.Sprint0.Task0.V0", "Tyuiu.KenihAN.Sprint0.Task0.V0\Tyuiu.KenihAN.Sprint0.Task0.V0.csproj", "{34CAAF84-3822-458D-96B9-9CF0465559E5}"
EndProject
Project("{2150E333-8FDC-42A3-9474-1A3956D46DE8}") = "Task1", "Task1", "{FB4F1CBB-BD31-4FA0-8B01-9D8F4F903F9E}"
EndProject
Project("{9A19103F-16F7-4668-BE54-9A1E7A4F7556}") = "Tyuiu.KenihAN.Sprint0.Task1.V0", "Tyuiu.KenihAN.Sprint0.Task1.V0\Tyuiu.KenihAN.Sprint0.Task1.V0.csproj", "{3A2EB235-7203-4CB8-8AAA-4B0D0A00DAE0}"
EndProject
Project("{2150E333-8FDC-42A3-9474-1A3956D46DE8}") = "Task2", "Task2", "{8940ED05-55D1-4CAE-8D0E-B4188CF48F23}"
EndProject
Project("{FAE04EC0-301F-11D3-BF4B-00C04F79EFBC}") = "Tyuiu.KenihAN.Sprint0.Task2.V0", "Tyuiu.KenihAN.Sprint0.Task2.V0\Tyuiu.KenihAN.Sprint0.Task2.V0.csproj", "{10D45BD2-1DAB-4D9C-A879-3940BDD46C8E}"
EndProject
Project("{FAE04EC0-301F-11D3-BF4B-00C04F79EFBC}") = "Tyuiu.KenihAN.Sprint0.Task2.V0.Lib", "Tyuiu.KenihAN.Sprint0.Task2.V0.Lib\Tyuiu.KenihAN.Sprint0.Task2.V0.Lib.csproj", "{953FCC3F-471F-4C0B-A183-7764BC40065E}"
EndProject
Project("{FAE04EC0-301F-11D3-BF4B-00C04F79EFBC}") = "Tyuiu.KenihAN.Sprint0.Task2.V0.Test", "Tyuiu.KenihAN.Sprint0.Task2.V0.Test\Tyuiu.KenihAN.Sprint0.Task2.V0.Test.csproj", "{3DB6ACDD-E69C-4F9D-98F7-6E496A3FEA81}"
EndProject
Project("{2150E333-8FDC-42A3-9474-1A3956D46DE8}") = "Task3", "Task3", "{CB32E7C3-099B-4BD1-AB22-1ABFE8AE02D2}"
EndProject
Project("{FAE04EC0-301F-11D3-BF4B-00C04F79EFBC}") = "Tyuiu.KenihAN.Sprint0.Task3.V0", "Tyuiu.KenihAN.Sprint0.Task3.V0\Tyuiu.KenihAN.Sprint0.Task3.V0.csproj", "{83864218-18DA-42B1-9B3A-319483FF2EEB}"
EndProject
Project("{FAE04EC0-301F-11D3-BF4B-00C04F79EFBC}") = "Tyuiu.KenihAN.Sprint0.Task3.V0.Test", "Tyuiu.KenihAN.Sprint0.Task3.V0.Test\Tyuiu.KenihAN.Sprint0.Task3.V0.Test.csproj", "{C8478C93-42CD-4F9A-B7DC-4015E14F3627}"
EndProject
Project("{FAE04EC0-301F-11D3-BF4B-00C04F79EFBC}") = "Tyuiu.KenihAN.Sprint0.Task3.V0.Lib", "Tyuiu.KenihAN.Sprint0.Task3.V0.Lib\Tyuiu.KenihAN.Sprint0.Task3.V0.Lib.csproj", "{F0FE0754-DE89-4D84-8E2E-B821AD7C9FB6}"
EndProject
Project("{2150E333-8FDC-42A3-9474-1A3956D46DE8}") = "Task4", "Task4", "{154145C2-0D3F-42D9-8D91-47F7630909A1}"
EndProject
Project("{FAE04EC0-301F-11D3-BF4B-00C04F79EFBC}") = "Tyuiu.KenihAN.Sprint0.Task4.V0", "Tyuiu.KenihAN.Sprint0.Task4.V0\Tyuiu.KenihAN.Sprint0.Task4.V0.csproj", "{DD121246-BB3E-4451-AB50-B8D7C45EAD70}"
EndProject
Project("{FAE04EC0-301F-11D3-BF4B-00C04F79EFBC}") = "Tyuiu.KenihAN.Sprint0.Task4.V0.Test", "Tyuiu.KenihAN.Sprint0.Task4.V0.Test\Tyuiu.KenihAN.Sprint0.Task4.V0.Test.csproj", "{9370E62F-0CB9-477A-B15B-612D6643DA6E}"
EndProject
Project("{FAE04EC0-301F-11D3-BF4B-00C04F79EFBC}") = "Tyuiu.KenihAN.Sprint0.Task4.V0.Lib", "Tyuiu.KenihAN.Sprint0.Task4.V0.Lib\Tyuiu.KenihAN.Sprint0.Task4.V0.Lib.csproj", "{8F2D0F87-75D5-44D5-AB0B-D65309BE9390}"
EndProject
Global
	GlobalSection(SolutionConfigurationPlatforms) = preSolution
		Debug|Any CPU = Debug|Any CPU
		Release|Any CPU = Release|Any CPU
	EndGlobalSection
	GlobalSection(ProjectConfigurationPlatforms) = postSolution
		{34CAAF84-3822-458D-96B9-9CF0465559E5}.Debug|Any CPU.ActiveCfg = Debug|Any CPU
		{34CAAF84-3822-458D-96B9-9CF0465559E5}.Debug|Any CPU.Build.0 = Debug|Any CPU
		{34CAAF84-3822-458D-96B9-9CF0465559E5}.Release|Any CPU.ActiveCfg = Release|Any CPU
		{34CAAF84-3822-458D-96B9-9CF0465559E5}.Release|Any CPU.Build.0 = Release|Any CPU
		{3A2EB235-7203-4CB8-8AAA-4B0D0A00DAE0}.Debug|Any CPU.ActiveCfg = Debug|Any CPU
		{3A2EB235-7203-4CB8-8AAA-4B0D0A00DAE0}.Debug|Any CPU.Build.0 = Debug|Any CPU
		{3A2EB235-7203-4CB8-8AAA-4B0D0A00DAE0}.Release|Any CPU.ActiveCfg = Release|Any CPU
		{3A2EB235-7203-4CB8-8AAA-4B0D0A00DAE0}.Release|Any CPU.Build.0 = Release|Any CPU
		{10D45BD2-1DAB-4D9C-A879-3940BDD46C8E}.Debug|Any CPU.ActiveCfg = Debug|Any CPU
		{10D45BD2-1DAB-4D9C-A879-3940BDD46C8E}.Debug|Any CPU.Build.0 = Debug|Any CPU
		{10D45BD2-1DAB-4D9C-A879-3940BDD46C8E}.Release|Any CPU.ActiveCfg = Release|Any CPU
		{10D45BD2-1DAB-4D9C-A879-3940BDD46C8E}.Release|Any CPU.Build.0 = Release|Any CPU
		{953FCC3F-471F-4C0B-A183-7764BC40065E}.Debug|Any CPU.ActiveCfg = Debug|Any CPU
		{953FCC3F-471F-4C0B-A183-7764BC40065E}.Debug|Any CPU.Build.0 = Debug|Any CPU
		{953FCC3F-471F-4C0B-A183-7764BC40065E}.Release|Any CPU.ActiveCfg = Release|Any CPU
		{953FCC3F-471F-4C0B-A183-7764BC40065E}.Release|Any CPU.Build.0 = Release|Any CPU
		{3DB6ACDD-E69C-4F9D-98F7-6E496A3FEA81}.Debug|Any CPU.ActiveCfg = Debug|Any CPU
		{3DB6ACDD-E69C-4F9D-98F7-6E496A3FEA81}.Debug|Any CPU.Build.0 = Debug|Any CPU
		{3DB6ACDD-E69C-4F9D-98F7-6E496A3FEA81}.Release|Any CPU.ActiveCfg = Release|Any CPU
		{3DB6ACDD-E69C-4F9D-98F7-6E496A3FEA81}.Release|Any CPU.Build.0 = Release|Any CPU
		{83864218-18DA-42B1-9B3A-319483FF2EEB}.Debug|Any CPU.ActiveCfg = Debug|Any CPU
		{83864218-18DA-42B1-9B3A-319483FF2EEB}.Debug|Any CPU.Build.0 = Debug|Any CPU
		{83864218-18DA-42B1-9B3A-319483FF2EEB}.Release|Any CPU.ActiveCfg = Release|Any CPU
		{83864218-18DA-42B1-9B3A-319483FF2EEB}.Release|Any CPU.Build.0 = Release|Any CPU
		{C8478C93-42CD-4F9A-B7DC-4015E14F3627}.Debug|Any CPU.ActiveCfg = Debug|Any CPU
		{C8478C93-42CD-4F9A-B7DC-4015E14F3627}.Debug|Any CPU.Build.0 = Debug|Any CPU
		{C8478C93-42CD-4F9A-B7DC-4015E14F3627}.Release|Any CPU.ActiveCfg = Release|Any CPU
		{C8478C93-42CD-4F9A-B7DC-4015E14F3627}.Release|Any CPU.Build.0 = Release|Any CPU
		{F0FE0754-DE89-4D84-8E2E-B821AD7C9FB6}.Debug|Any CPU.ActiveCfg = Debug|Any CPU
		{F0FE0754-DE89-4D84-8E2E-B821AD7C9FB6}.Debug|Any CPU.Build.0 = Debug|Any CPU
		{F0FE0754-DE89-4D84-8E2E-B821AD7C9FB6}.Release|Any CPU.ActiveCfg = Release|Any CPU
		{F0FE0754-DE89-4D84-8E2E-B821AD7C9FB6}.Release|Any CPU.Build.0 = Release|Any CPU
		{DD121246-BB3E-4451-AB50-B8D7C45EAD70}.Debug|Any CPU.ActiveCfg = Debug|Any CPU
		{DD121246-BB3E-4451-AB50-B8D7C45EAD70}.Debug|Any CPU.Build.0 = Debug|Any CPU
		{DD121246-BB3E-4451-AB50-B8D7C45EAD70}.Release|Any CPU.ActiveCfg = Release|Any CPU
		{DD121246-BB3E-4451-AB50-B8D7C45EAD70}.Release|Any CPU.Build.0 = Release|Any CPU
		{9370E62F-0CB9-477A-B15B-612D6643DA6E}.Debug|Any CPU.ActiveCfg = Debug|Any CPU
		{9370E62F-0CB9-477A-B15B-612D6643DA6E}.Debug|Any CPU.Build.0 = Debug|Any CPU
		{9370E62F-0CB9-477A-B15B-612D6643DA6E}.Release|Any CPU.ActiveCfg = Release|Any CPU
		{9370E62F-0CB9-477A-B15B-612D6643DA6E}.Release|Any CPU.Build.0 = Release|Any CPU
		{8F2D0F87-75D5-44D5-AB0B-D65309BE9390}.Debug|Any CPU.ActiveCfg = Debug|Any CPU
		{8F2D0F87-75D5-44D5-AB0B-D65309BE9390}.Debug|Any CPU.Build.0 = Debug|Any CPU
		{8F2D0F87-75D5-44D5-AB0B-D65309BE9390}.Release|Any CPU.ActiveCfg = Release|Any CPU
		{8F2D0F87-75D5-44D5-AB0B-D65309BE9390}.Release|Any CPU.Build.0 = Release|Any CPU
	EndGlobalSection
	GlobalSection(SolutionProperties) = preSolution
		HideSolutionNode = FALSE
	EndGlobalSection
	GlobalSection(NestedProjects) = preSolution
		{34CAAF84-3822-458D-96B9-9CF0465559E5} = {C50C5089-25BC-466C-B45F-B9CDC4973148}
		{3A2EB235-7203-4CB8-8AAA-4B0D0A00DAE0} = {FB4F1CBB-BD31-4FA0-8B01-9D8F4F903F9E}
		{10D45BD2-1DAB-4D9C-A879-3940BDD46C8E} = {8940ED05-55D1-4CAE-8D0E-B4188CF48F23}
		{953FCC3F-471F-4C0B-A183-7764BC40065E} = {8940ED05-55D1-4CAE-8D0E-B4188CF48F23}
		{3DB6ACDD-E69C-4F9D-98F7-6E496A3FEA81} = {8940ED05-55D1-4CAE-8D0E-B4188CF48F23}
		{83864218-18DA-42B1-9B3A-319483FF2EEB} = {CB32E7C3-099B-4BD1-AB22-1ABFE8AE02D2}
		{C8478C93-42CD-4F9A-B7DC-4015E14F3627} = {CB32E7C3-099B-4BD1-AB22-1ABFE8AE02D2}
		{F0FE0754-DE89-4D84-8E2E-B821AD7C9FB6} = {CB32E7C3-099B-4BD1-AB22-1ABFE8AE02D2}
		{DD121246-BB3E-4451-AB50-B8D7C45EAD70} = {154145C2-0D3F-42D9-8D91-47F7630909A1}
		{9370E62F-0CB9-477A-B15B-612D6643DA6E} = {154145C2-0D3F-42D9-8D91-47F7630909A1}
		{8F2D0F87-75D5-44D5-AB0B-D65309BE9390} = {154145C2-0D3F-42D9-8D91-47F7630909A1}
	EndGlobalSection
	GlobalSection(ExtensibilityGlobals) = postSolution
		SolutionGuid = {1B525E81-1128-4B7B-B063-02BCCA0A7BEE}
	EndGlobalSection
EndGlobal
